
Microsoft Visual Studio Solution File, Format Version 12.00
# Visual Studio Version 17
VisualStudioVersion = 17.5.33414.496
MinimumVisualStudioVersion = 10.0.40219.1
Project("{FAE04EC0-301F-11D3-BF4B-00C04F79EFBC}") = "TP3", "TP3.csproj", "{67DBEB14-1140-4802-A090-D2003B4E314E}"
EndProject
Global
	GlobalSection(SolutionConfigurationPlatforms) = preSolution
		Debug|Any CPU = Debug|Any CPU
		Release|Any CPU = Release|Any CPU
	EndGlobalSection
	GlobalSection(ProjectConfigurationPlatforms) = postSolution
		{67DBEB14-1140-4802-A090-D2003B4E314E}.Debug|Any CPU.ActiveCfg = Debug|Any CPU
		{67DBEB14-1140-4802-A090-D2003B4E314E}.Debug|Any CPU.Build.0 = Debug|Any CPU
		{67DBEB14-1140-4802-A090-D2003B4E314E}.Release|Any CPU.ActiveCfg = Release|Any CPU
		{67DBEB14-1140-4802-A090-D2003B4E314E}.Release|Any CPU.Build.0 = Release|Any CPU
	EndGlobalSection
	GlobalSection(SolutionProperties) = preSolution
		HideSolutionNode = FALSE
	EndGlobalSection
	GlobalSection(ExtensibilityGlobals) = postSolution
		SolutionGuid = {8DBFAF18-0CA0-4094-A295-BF0B044D9672}
	EndGlobalSection
EndGlobal
